{
  "originHash" : "cab11c4af3dda689cff53dbf97ad0e412b5408ade1627e1ccefaab1a01751fad",
  "pins" : [
    {
      "identity" : "orsserialport",
      "kind" : "remoteSourceControl",
      "location" : "https://github.com/armadsen/ORSSerialPort",
      "state" : {
        "revision" : "58a8cc454304e22280f184c2d2e25ecb3d5a74c5",
        "version" : "2.1.0"
      }
    },
    {
      "identity" : "swiftdraw",
      "kind" : "remoteSourceControl",
      "location" : "https://github.com/swhitty/SwiftDraw",
      "state" : {
        "revision" : "f97bd06d776f2461afdfbc27a065a1b929367f9f",
        "version" : "0.25.1"
      }
    }
  ],
  "version" : 3
}
